
Microsoft Visual Studio Solution File, Format Version 12.00
# Visual Studio Version 16
VisualStudioVersion = 25.0.1705.6
MinimumVisualStudioVersion = 10.0.40219.1
Project("{FAE04EC0-301F-11D3-BF4B-00C04F79EFBC}") = "WidgetKitProxy", "WidgetKitProxy\WidgetKitProxy.csproj", "{DF8F50C8-8B97-46AB-9EF4-7A92F726540E}"
EndProject
Global
	GlobalSection(SolutionConfigurationPlatforms) = preSolution
		Debug|Any CPU = Debug|Any CPU
		Release|Any CPU = Release|Any CPU
	EndGlobalSection
	GlobalSection(ProjectConfigurationPlatforms) = postSolution
		{DF8F50C8-8B97-46AB-9EF4-7A92F726540E}.Debug|Any CPU.ActiveCfg = Debug|Any CPU
		{DF8F50C8-8B97-46AB-9EF4-7A92F726540E}.Debug|Any CPU.Build.0 = Debug|Any CPU
		{DF8F50C8-8B97-46AB-9EF4-7A92F726540E}.Release|Any CPU.ActiveCfg = Release|Any CPU
		{DF8F50C8-8B97-46AB-9EF4-7A92F726540E}.Release|Any CPU.Build.0 = Release|Any CPU
	EndGlobalSection
	GlobalSection(SolutionProperties) = preSolution
		HideSolutionNode = FALSE
	EndGlobalSection
	GlobalSection(ExtensibilityGlobals) = postSolution
		SolutionGuid = {E5C91DBB-5CFD-418F-A846-EBE43DF4A667}
	EndGlobalSection
EndGlobal
